
Microsoft Visual Studio Solution File, Format Version 12.00
# Visual Studio 2017
Project("{FAE04EC0-301F-11D3-BF4B-00C04F79EFBC}") = "The Climb FusedVR", "The Climb FusedVR.csproj", "{0E3BEA9F-9C24-1628-8043-3E8EE1EEBB56}"
EndProject
Project("{FAE04EC0-301F-11D3-BF4B-00C04F79EFBC}") = "The Climb FusedVR.Editor", "The Climb FusedVR.Editor.csproj", "{05877669-065C-0A08-8DBC-E95AFF660049}"
EndProject
Global
	GlobalSection(SolutionConfigurationPlatforms) = preSolution
		Debug|Any CPU = Debug|Any CPU
		Release|Any CPU = Release|Any CPU
	EndGlobalSection
	GlobalSection(ProjectConfigurationPlatforms) = postSolution
		{0E3BEA9F-9C24-1628-8043-3E8EE1EEBB56}.Debug|Any CPU.ActiveCfg = Debug|Any CPU
		{0E3BEA9F-9C24-1628-8043-3E8EE1EEBB56}.Debug|Any CPU.Build.0 = Debug|Any CPU
		{0E3BEA9F-9C24-1628-8043-3E8EE1EEBB56}.Release|Any CPU.ActiveCfg = Release|Any CPU
		{0E3BEA9F-9C24-1628-8043-3E8EE1EEBB56}.Release|Any CPU.Build.0 = Release|Any CPU
		{05877669-065C-0A08-8DBC-E95AFF660049}.Debug|Any CPU.ActiveCfg = Debug|Any CPU
		{05877669-065C-0A08-8DBC-E95AFF660049}.Debug|Any CPU.Build.0 = Debug|Any CPU
		{05877669-065C-0A08-8DBC-E95AFF660049}.Release|Any CPU.ActiveCfg = Release|Any CPU
		{05877669-065C-0A08-8DBC-E95AFF660049}.Release|Any CPU.Build.0 = Release|Any CPU
	EndGlobalSection
	GlobalSection(SolutionProperties) = preSolution
		HideSolutionNode = FALSE
	EndGlobalSection
EndGlobal
